
Microsoft Visual Studio Solution File, Format Version 12.00
# Visual Studio 14
VisualStudioVersion = 14.0.24720.0
MinimumVisualStudioVersion = 10.0.40219.1
Project("{FAE04EC0-301F-11D3-BF4B-00C04F79EFBC}") = "PedidosProvidedHostedMVCApp", "PedidosProvidedHostedMVCApp\PedidosProvidedHostedMVCApp.csproj", "{6956F5FF-937A-4D4C-AAC6-AAE55B2417D9}"
EndProject
Project("{FAE04EC0-301F-11D3-BF4B-00C04F79EFBC}") = "PedidosProvidedHostedMVCAppWeb", "PedidosProvidedHostedMVCAppWeb\PedidosProvidedHostedMVCAppWeb.csproj", "{46D7BF32-BED3-4AA2-A114-CF4322EC2388}"
EndProject
Global
	GlobalSection(SolutionConfigurationPlatforms) = preSolution
		Debug|Any CPU = Debug|Any CPU
		Release|Any CPU = Release|Any CPU
	EndGlobalSection
	GlobalSection(ProjectConfigurationPlatforms) = postSolution
		{6956F5FF-937A-4D4C-AAC6-AAE55B2417D9}.Debug|Any CPU.ActiveCfg = Debug|Any CPU
		{6956F5FF-937A-4D4C-AAC6-AAE55B2417D9}.Debug|Any CPU.Build.0 = Debug|Any CPU
		{6956F5FF-937A-4D4C-AAC6-AAE55B2417D9}.Debug|Any CPU.Deploy.0 = Debug|Any CPU
		{6956F5FF-937A-4D4C-AAC6-AAE55B2417D9}.Release|Any CPU.ActiveCfg = Release|Any CPU
		{6956F5FF-937A-4D4C-AAC6-AAE55B2417D9}.Release|Any CPU.Build.0 = Release|Any CPU
		{6956F5FF-937A-4D4C-AAC6-AAE55B2417D9}.Release|Any CPU.Deploy.0 = Release|Any CPU
		{46D7BF32-BED3-4AA2-A114-CF4322EC2388}.Debug|Any CPU.ActiveCfg = Debug|Any CPU
		{46D7BF32-BED3-4AA2-A114-CF4322EC2388}.Debug|Any CPU.Build.0 = Debug|Any CPU
		{46D7BF32-BED3-4AA2-A114-CF4322EC2388}.Release|Any CPU.ActiveCfg = Release|Any CPU
		{46D7BF32-BED3-4AA2-A114-CF4322EC2388}.Release|Any CPU.Build.0 = Release|Any CPU
	EndGlobalSection
	GlobalSection(SolutionProperties) = preSolution
		HideSolutionNode = FALSE
	EndGlobalSection
	GlobalSection(TeamFoundationVersionControl) = preSolution
		SccNumberOfProjects = 3
		SccEnterpriseProvider = {4CA58AB2-18FA-4F8D-95D4-32DDF27D184C}
		SccTeamFoundationServer = https://eduflormir.visualstudio.com/defaultcollection
		SccLocalPath0 = .
		SccProjectUniqueName1 = PedidosProvidedHostedMVCApp\\PedidosProvidedHostedMVCApp.csproj
		SccProjectName1 = PedidosProvidedHostedMVCApp
		SccLocalPath1 = PedidosProvidedHostedMVCApp
		SccProjectUniqueName2 = PedidosProvidedHostedMVCAppWeb\\PedidosProvidedHostedMVCAppWeb.csproj
		SccProjectName2 = PedidosProvidedHostedMVCAppWeb
		SccLocalPath2 = PedidosProvidedHostedMVCAppWeb
	EndGlobalSection
EndGlobal
